
Microsoft Visual Studio Solution File, Format Version 12.00
# Visual Studio Version 16
VisualStudioVersion = 16.0.32929.386
MinimumVisualStudioVersion = 10.0.40219.1
Project("{FAE04EC0-301F-11D3-BF4B-00C04F79EFBC}") = "Ex01", "Ex01\Ex01.csproj", "{2491C128-85BD-41BB-B7E9-A36C7E47F8BC}"
EndProject
Project("{FAE04EC0-301F-11D3-BF4B-00C04F79EFBC}") = "Ex02", "Ex02\Ex02.csproj", "{4B51817F-D3B0-4B16-AB78-B598D1FB88BE}"
EndProject
Project("{FAE04EC0-301F-11D3-BF4B-00C04F79EFBC}") = "Ex03", "Ex03\Ex03.csproj", "{616D3205-253D-44AF-BF2B-3538CBD7B67B}"
EndProject
Project("{FAE04EC0-301F-11D3-BF4B-00C04F79EFBC}") = "Ex04", "Ex04\Ex04.csproj", "{571AFE36-4AF9-48EE-95E8-0A4BFD13F899}"
EndProject
Project("{FAE04EC0-301F-11D3-BF4B-00C04F79EFBC}") = "Ex05", "Ex05\Ex05.csproj", "{A4E56A7E-EA5D-4026-99D7-9DD10AA03126}"
EndProject
Project("{FAE04EC0-301F-11D3-BF4B-00C04F79EFBC}") = "Ex06", "Ex06\Ex06.csproj", "{DA31C823-852E-47F5-8A0A-EDE082DCC9D3}"
EndProject
Project("{FAE04EC0-301F-11D3-BF4B-00C04F79EFBC}") = "Ex07", "Ex07\Ex07.csproj", "{7E5EF99F-D417-4643-A1C1-6BDC8253AA56}"
EndProject
Project("{FAE04EC0-301F-11D3-BF4B-00C04F79EFBC}") = "Ex08", "Ex08\Ex08.csproj", "{BB464F4F-3095-4B92-B246-B3BC0F1AD163}"
EndProject
Project("{FAE04EC0-301F-11D3-BF4B-00C04F79EFBC}") = "Ex09", "Ex09\Ex09.csproj", "{90F5DAD6-4637-46A0-B99E-8403A719436D}"
EndProject
Project("{FAE04EC0-301F-11D3-BF4B-00C04F79EFBC}") = "Ex10", "Ex10\Ex10.csproj", "{8A841979-7A15-423B-9B7F-97E6E72932F0}"
EndProject
Global
	GlobalSection(SolutionConfigurationPlatforms) = preSolution
		Debug|Any CPU = Debug|Any CPU
		Release|Any CPU = Release|Any CPU
	EndGlobalSection
	GlobalSection(ProjectConfigurationPlatforms) = postSolution
		{2491C128-85BD-41BB-B7E9-A36C7E47F8BC}.Debug|Any CPU.ActiveCfg = Debug|Any CPU
		{2491C128-85BD-41BB-B7E9-A36C7E47F8BC}.Debug|Any CPU.Build.0 = Debug|Any CPU
		{2491C128-85BD-41BB-B7E9-A36C7E47F8BC}.Release|Any CPU.ActiveCfg = Release|Any CPU
		{2491C128-85BD-41BB-B7E9-A36C7E47F8BC}.Release|Any CPU.Build.0 = Release|Any CPU
		{4B51817F-D3B0-4B16-AB78-B598D1FB88BE}.Debug|Any CPU.ActiveCfg = Debug|Any CPU
		{4B51817F-D3B0-4B16-AB78-B598D1FB88BE}.Debug|Any CPU.Build.0 = Debug|Any CPU
		{4B51817F-D3B0-4B16-AB78-B598D1FB88BE}.Release|Any CPU.ActiveCfg = Release|Any CPU
		{4B51817F-D3B0-4B16-AB78-B598D1FB88BE}.Release|Any CPU.Build.0 = Release|Any CPU
		{616D3205-253D-44AF-BF2B-3538CBD7B67B}.Debug|Any CPU.ActiveCfg = Debug|Any CPU
		{616D3205-253D-44AF-BF2B-3538CBD7B67B}.Debug|Any CPU.Build.0 = Debug|Any CPU
		{616D3205-253D-44AF-BF2B-3538CBD7B67B}.Release|Any CPU.ActiveCfg = Release|Any CPU
		{616D3205-253D-44AF-BF2B-3538CBD7B67B}.Release|Any CPU.Build.0 = Release|Any CPU
		{571AFE36-4AF9-48EE-95E8-0A4BFD13F899}.Debug|Any CPU.ActiveCfg = Debug|Any CPU
		{571AFE36-4AF9-48EE-95E8-0A4BFD13F899}.Debug|Any CPU.Build.0 = Debug|Any CPU
		{571AFE36-4AF9-48EE-95E8-0A4BFD13F899}.Release|Any CPU.ActiveCfg = Release|Any CPU
		{571AFE36-4AF9-48EE-95E8-0A4BFD13F899}.Release|Any CPU.Build.0 = Release|Any CPU
		{A4E56A7E-EA5D-4026-99D7-9DD10AA03126}.Debug|Any CPU.ActiveCfg = Debug|Any CPU
		{A4E56A7E-EA5D-4026-99D7-9DD10AA03126}.Debug|Any CPU.Build.0 = Debug|Any CPU
		{A4E56A7E-EA5D-4026-99D7-9DD10AA03126}.Release|Any CPU.ActiveCfg = Release|Any CPU
		{A4E56A7E-EA5D-4026-99D7-9DD10AA03126}.Release|Any CPU.Build.0 = Release|Any CPU
		{DA31C823-852E-47F5-8A0A-EDE082DCC9D3}.Debug|Any CPU.ActiveCfg = Debug|Any CPU
		{DA31C823-852E-47F5-8A0A-EDE082DCC9D3}.Debug|Any CPU.Build.0 = Debug|Any CPU
		{DA31C823-852E-47F5-8A0A-EDE082DCC9D3}.Release|Any CPU.ActiveCfg = Release|Any CPU
		{DA31C823-852E-47F5-8A0A-EDE082DCC9D3}.Release|Any CPU.Build.0 = Release|Any CPU
		{7E5EF99F-D417-4643-A1C1-6BDC8253AA56}.Debug|Any CPU.ActiveCfg = Debug|Any CPU
		{7E5EF99F-D417-4643-A1C1-6BDC8253AA56}.Debug|Any CPU.Build.0 = Debug|Any CPU
		{7E5EF99F-D417-4643-A1C1-6BDC8253AA56}.Release|Any CPU.ActiveCfg = Release|Any CPU
		{7E5EF99F-D417-4643-A1C1-6BDC8253AA56}.Release|Any CPU.Build.0 = Release|Any CPU
		{BB464F4F-3095-4B92-B246-B3BC0F1AD163}.Debug|Any CPU.ActiveCfg = Debug|Any CPU
		{BB464F4F-3095-4B92-B246-B3BC0F1AD163}.Debug|Any CPU.Build.0 = Debug|Any CPU
		{BB464F4F-3095-4B92-B246-B3BC0F1AD163}.Release|Any CPU.ActiveCfg = Release|Any CPU
		{BB464F4F-3095-4B92-B246-B3BC0F1AD163}.Release|Any CPU.Build.0 = Release|Any CPU
		{90F5DAD6-4637-46A0-B99E-8403A719436D}.Debug|Any CPU.ActiveCfg = Debug|Any CPU
		{90F5DAD6-4637-46A0-B99E-8403A719436D}.Debug|Any CPU.Build.0 = Debug|Any CPU
		{90F5DAD6-4637-46A0-B99E-8403A719436D}.Release|Any CPU.ActiveCfg = Release|Any CPU
		{90F5DAD6-4637-46A0-B99E-8403A719436D}.Release|Any CPU.Build.0 = Release|Any CPU
		{8A841979-7A15-423B-9B7F-97E6E72932F0}.Debug|Any CPU.ActiveCfg = Debug|Any CPU
		{8A841979-7A15-423B-9B7F-97E6E72932F0}.Debug|Any CPU.Build.0 = Debug|Any CPU
		{8A841979-7A15-423B-9B7F-97E6E72932F0}.Release|Any CPU.ActiveCfg = Release|Any CPU
		{8A841979-7A15-423B-9B7F-97E6E72932F0}.Release|Any CPU.Build.0 = Release|Any CPU
	EndGlobalSection
	GlobalSection(SolutionProperties) = preSolution
		HideSolutionNode = FALSE
	EndGlobalSection
	GlobalSection(ExtensibilityGlobals) = postSolution
		SolutionGuid = {40764F15-6D62-4D9F-B9FE-4892076DE221}
	EndGlobalSection
EndGlobal
